
Microsoft Visual Studio Solution File, Format Version 12.00
# Visual Studio Version 16
VisualStudioVersion = 16.0.29920.165
MinimumVisualStudioVersion = 10.0.40219.1
Project("{6989167D-11E4-40FE-8C1A-2192A86A7E90}") = "EpidemicSimulation", "EpidemicSimulation.vfproj", "{7191BD3D-4A45-4984-8A49-0F684B3AC1A4}"
EndProject
Project("{6989167D-11E4-40FE-8C1A-2192A86A7E90}") = "EpidemicSimulationTests", "EpidemicSimulationTests\EpidemicSimulationTests.vfproj", "{E2F69527-DFA2-49A7-B278-35B96159643B}"
EndProject
Global
	GlobalSection(SolutionConfigurationPlatforms) = preSolution
		Debug|x64 = Debug|x64
		Debug|x86 = Debug|x86
		Release|x64 = Release|x64
		Release|x86 = Release|x86
		Test|x64 = Test|x64
		Test|x86 = Test|x86
	EndGlobalSection
	GlobalSection(ProjectConfigurationPlatforms) = postSolution
		{7191BD3D-4A45-4984-8A49-0F684B3AC1A4}.Debug|x64.ActiveCfg = Debug|x64
		{7191BD3D-4A45-4984-8A49-0F684B3AC1A4}.Debug|x64.Build.0 = Debug|x64
		{7191BD3D-4A45-4984-8A49-0F684B3AC1A4}.Debug|x86.ActiveCfg = Debug|Win32
		{7191BD3D-4A45-4984-8A49-0F684B3AC1A4}.Debug|x86.Build.0 = Debug|Win32
		{7191BD3D-4A45-4984-8A49-0F684B3AC1A4}.Release|x64.ActiveCfg = Release|x64
		{7191BD3D-4A45-4984-8A49-0F684B3AC1A4}.Release|x64.Build.0 = Release|x64
		{7191BD3D-4A45-4984-8A49-0F684B3AC1A4}.Release|x86.ActiveCfg = Release|Win32
		{7191BD3D-4A45-4984-8A49-0F684B3AC1A4}.Release|x86.Build.0 = Release|Win32
		{7191BD3D-4A45-4984-8A49-0F684B3AC1A4}.Test|x64.ActiveCfg = Debug|x64
		{7191BD3D-4A45-4984-8A49-0F684B3AC1A4}.Test|x64.Build.0 = Debug|x64
		{7191BD3D-4A45-4984-8A49-0F684B3AC1A4}.Test|x86.ActiveCfg = Test|Win32
		{7191BD3D-4A45-4984-8A49-0F684B3AC1A4}.Test|x86.Build.0 = Test|Win32
		{E2F69527-DFA2-49A7-B278-35B96159643B}.Debug|x64.ActiveCfg = Debug|x64
		{E2F69527-DFA2-49A7-B278-35B96159643B}.Debug|x64.Build.0 = Debug|x64
		{E2F69527-DFA2-49A7-B278-35B96159643B}.Debug|x86.ActiveCfg = Debug|Win32
		{E2F69527-DFA2-49A7-B278-35B96159643B}.Debug|x86.Build.0 = Debug|Win32
		{E2F69527-DFA2-49A7-B278-35B96159643B}.Release|x64.ActiveCfg = Release|Win32
		{E2F69527-DFA2-49A7-B278-35B96159643B}.Release|x86.ActiveCfg = Release|Win32
		{E2F69527-DFA2-49A7-B278-35B96159643B}.Release|x86.Build.0 = Release|Win32
		{E2F69527-DFA2-49A7-B278-35B96159643B}.Test|x64.ActiveCfg = Release|Win32
		{E2F69527-DFA2-49A7-B278-35B96159643B}.Test|x64.Build.0 = Release|Win32
		{E2F69527-DFA2-49A7-B278-35B96159643B}.Test|x86.ActiveCfg = Release|Win32
		{E2F69527-DFA2-49A7-B278-35B96159643B}.Test|x86.Build.0 = Release|Win32
	EndGlobalSection
	GlobalSection(SolutionProperties) = preSolution
		HideSolutionNode = FALSE
	EndGlobalSection
	GlobalSection(ExtensibilityGlobals) = postSolution
		SolutionGuid = {24901D7D-5E50-4B19-996B-29D6C5592AC6}
	EndGlobalSection
EndGlobal
